
Microsoft Visual Studio Solution File, Format Version 12.00
# Visual Studio Version 17
VisualStudioVersion = 17.6.33815.320
MinimumVisualStudioVersion = 10.0.40219.1
Project("{9A19103F-16F7-4668-BE54-9A1E7A4F7556}") = "DadJokeBot.App", "DadJokeBot\DadJokeBot.App.csproj", "{23316F76-5103-4134-BEAA-89A003234AB2}"
EndProject
Project("{9A19103F-16F7-4668-BE54-9A1E7A4F7556}") = "DadJokeBotLibrary", "DadJokeBotLibrary\DadJokeBotLibrary.csproj", "{E86A7F3B-1E74-43B5-B17B-F3C765AED419}"
EndProject
Project("{FAE04EC0-301F-11D3-BF4B-00C04F79EFBC}") = "TestDadJokeBot", "TestDadJokeBot\TestDadJokeBot.csproj", "{890D45A8-EC30-424C-9DDA-CE40DB0028CA}"
EndProject
Global
	GlobalSection(SolutionConfigurationPlatforms) = preSolution
		Debug|Any CPU = Debug|Any CPU
		Release|Any CPU = Release|Any CPU
	EndGlobalSection
	GlobalSection(ProjectConfigurationPlatforms) = postSolution
		{23316F76-5103-4134-BEAA-89A003234AB2}.Debug|Any CPU.ActiveCfg = Debug|Any CPU
		{23316F76-5103-4134-BEAA-89A003234AB2}.Debug|Any CPU.Build.0 = Debug|Any CPU
		{23316F76-5103-4134-BEAA-89A003234AB2}.Release|Any CPU.ActiveCfg = Release|Any CPU
		{23316F76-5103-4134-BEAA-89A003234AB2}.Release|Any CPU.Build.0 = Release|Any CPU
		{E86A7F3B-1E74-43B5-B17B-F3C765AED419}.Debug|Any CPU.ActiveCfg = Debug|Any CPU
		{E86A7F3B-1E74-43B5-B17B-F3C765AED419}.Debug|Any CPU.Build.0 = Debug|Any CPU
		{E86A7F3B-1E74-43B5-B17B-F3C765AED419}.Release|Any CPU.ActiveCfg = Release|Any CPU
		{E86A7F3B-1E74-43B5-B17B-F3C765AED419}.Release|Any CPU.Build.0 = Release|Any CPU
		{890D45A8-EC30-424C-9DDA-CE40DB0028CA}.Debug|Any CPU.ActiveCfg = Debug|Any CPU
		{890D45A8-EC30-424C-9DDA-CE40DB0028CA}.Debug|Any CPU.Build.0 = Debug|Any CPU
		{890D45A8-EC30-424C-9DDA-CE40DB0028CA}.Release|Any CPU.ActiveCfg = Release|Any CPU
		{890D45A8-EC30-424C-9DDA-CE40DB0028CA}.Release|Any CPU.Build.0 = Release|Any CPU
	EndGlobalSection
	GlobalSection(SolutionProperties) = preSolution
		HideSolutionNode = FALSE
	EndGlobalSection
	GlobalSection(ExtensibilityGlobals) = postSolution
		SolutionGuid = {0FE6019A-AB50-4597-A24E-0E8E9D03F96D}
	EndGlobalSection
EndGlobal
